// !$*UTF8*$!
{
	archiveVersion = 1;
	classes = {
	};
	objectVersion = 46;
	objects = {

/* Begin PBXBuildFile section */
		F8E111C61B98A9380022B8EE /* AppDelegate.swift in Sources */ = {isa = PBXBuildFile; fileRef = F8E111C51B98A9380022B8EE /* AppDelegate.swift */; };
		F8E111C81B98A9380022B8EE /* ViewController.swift in Sources */ = {isa = PBXBuildFile; fileRef = F8E111C71B98A9380022B8EE /* ViewController.swift */; };
		F8E111CB1B98A9380022B8EE /* Main.storyboard in Resources */ = {isa = PBXBuildFile; fileRef = F8E111C91B98A9380022B8EE /* Main.storyboard */; };
		F8E111CD1B98A9380022B8EE /* Assets.xcassets in Resources */ = {isa = PBXBuildFile; fileRef = F8E111CC1B98A9380022B8EE /* Assets.xcassets */; };
		F8E111D01B98A9380022B8EE /* LaunchScreen.storyboard in Resources */ = {isa = PBXBuildFile; fileRef = F8E111CE1B98A9380022B8EE /* LaunchScreen.storyboard */; };
		F8E111DB1B98A9380022B8EE /* LaunchSmsTests.swift in Sources */ = {isa = PBXBuildFile; fileRef = F8E111DA1B98A9380022B8EE /* LaunchSmsTests.swift */; };
		F8E111E61B98A9380022B8EE /* LaunchSmsUITests.swift in Sources */ = {isa = PBXBuildFile; fileRef = F8E111E51B98A9380022B8EE /* LaunchSmsUITests.swift */; };
		F8E111FC1B98AF4E0022B8EE /* ViewMonitor.swift in Sources */ = {isa = PBXBuildFile; fileRef = F8E111FB1B98AF4E0022B8EE /* ViewMonitor.swift */; settings = {ASSET_TAGS = (); }; };
/* End PBXBuildFile section */

/* Begin PBXContainerItemProxy section */
		F8E111D71B98A9380022B8EE /* PBXContainerItemProxy */ = {
			isa = PBXContainerItemProxy;
			containerPortal = F8E111BA1B98A9380022B8EE /* Project object */;
			proxyType = 1;
			remoteGlobalIDString = F8E111C11B98A9380022B8EE;
			remoteInfo = LaunchSms;
		};
		F8E111E21B98A9380022B8EE /* PBXContainerItemProxy */ = {
			isa = PBXContainerItemProxy;
			containerPortal = F8E111BA1B98A9380022B8EE /* Project object */;
			proxyType = 1;
			remoteGlobalIDString = F8E111C11B98A9380022B8EE;
			remoteInfo = LaunchSms;
		};
/* End PBXContainerItemProxy section */

/* Begin PBXFileReference section */
		F8E111C21B98A9380022B8EE /* LaunchSms.app */ = {isa = PBXFileReference; explicitFileType = wrapper.application; includeInIndex = 0; path = LaunchSms.app; sourceTree = BUILT_PRODUCTS_DIR; };
		F8E111C51B98A9380022B8EE /* AppDelegate.swift */ = {isa = PBXFileReference; lastKnownFileType = sourcecode.swift; path = AppDelegate.swift; sourceTree = "<group>"; };
		F8E111C71B98A9380022B8EE /* ViewController.swift */ = {isa = PBXFileReference; lastKnownFileType = sourcecode.swift; path = ViewController.swift; sourceTree = "<group>"; };
		F8E111CA1B98A9380022B8EE /* Base */ = {isa = PBXFileReference; lastKnownFileType = file.storyboard; name = Base; path = Base.lproj/Main.storyboard; sourceTree = "<group>"; };
		F8E111CC1B98A9380022B8EE /* Assets.xcassets */ = {isa = PBXFileReference; lastKnownFileType = folder.assetcatalog; path = Assets.xcassets; sourceTree = "<group>"; };
		F8E111CF1B98A9380022B8EE /* Base */ = {isa = PBXFileReference; lastKnownFileType = file.storyboard; name = Base; path = Base.lproj/LaunchScreen.storyboard; sourceTree = "<group>"; };
		F8E111D11B98A9380022B8EE /* Info.plist */ = {isa = PBXFileReference; lastKnownFileType = text.plist.xml; path = Info.plist; sourceTree = "<group>"; };
		F8E111D61B98A9380022B8EE /* LaunchSmsTests.xctest */ = {isa = PBXFileReference; explicitFileType = wrapper.cfbundle; includeInIndex = 0; path = LaunchSmsTests.xctest; sourceTree = BUILT_PRODUCTS_DIR; };
		F8E111DA1B98A9380022B8EE /* LaunchSmsTests.swift */ = {isa = PBXFileReference; lastKnownFileType = sourcecode.swift; path = LaunchSmsTests.swift; sourceTree = "<group>"; };
		F8E111DC1B98A9380022B8EE /* Info.plist */ = {isa = PBXFileReference; lastKnownFileType = text.plist.xml; path = Info.plist; sourceTree = "<group>"; };
		F8E111E11B98A9380022B8EE /* LaunchSmsUITests.xctest */ = {isa = PBXFileReference; explicitFileType = wrapper.cfbundle; includeInIndex = 0; path = LaunchSmsUITests.xctest; sourceTree = BUILT_PRODUCTS_DIR; };
		F8E111E51B98A9380022B8EE /* LaunchSmsUITests.swift */ = {isa = PBXFileReference; lastKnownFileType = sourcecode.swift; path = LaunchSmsUITests.swift; sourceTree = "<group>"; };
		F8E111E71B98A9380022B8EE /* Info.plist */ = {isa = PBXFileReference; lastKnownFileType = text.plist.xml; path = Info.plist; sourceTree = "<group>"; };
		F8E111FB1B98AF4E0022B8EE /* ViewMonitor.swift */ = {isa = PBXFileReference; fileEncoding = 4; lastKnownFileType = sourcecode.swift; path = ViewMonitor.swift; sourceTree = "<group>"; };
/* End PBXFileReference section */

/* Begin PBXFrameworksBuildPhase section */
		F8E111BF1B98A9380022B8EE /* Frameworks */ = {
			isa = PBXFrameworksBuildPhase;
			buildActionMask = 2147483647;
			files = (
			);
			runOnlyForDeploymentPostprocessing = 0;
		};
		F8E111D31B98A9380022B8EE /* Frameworks */ = {
			isa = PBXFrameworksBuildPhase;
			buildActionMask = 2147483647;
			files = (
			);
			runOnlyForDeploymentPostprocessing = 0;
		};
		F8E111DE1B98A9380022B8EE /* Frameworks */ = {
			isa = PBXFrameworksBuildPhase;
			buildActionMask = 2147483647;
			files = (
			);
			runOnlyForDeploymentPostprocessing = 0;
		};
/* End PBXFrameworksBuildPhase section */

/* Begin PBXGroup section */
		F8E111B91B98A9380022B8EE = {
			isa = PBXGroup;
			children = (
				F8E111C41B98A9380022B8EE /* LaunchSms */,
				F8E111D91B98A9380022B8EE /* LaunchSmsTests */,
				F8E111E41B98A9380022B8EE /* LaunchSmsUITests */,
				F8E111C31B98A9380022B8EE /* Products */,
			);
			sourceTree = "<group>";
		};
		F8E111C31B98A9380022B8EE /* Products */ = {
			isa = PBXGroup;
			children = (
				F8E111C21B98A9380022B8EE /* LaunchSms.app */,
				F8E111D61B98A9380022B8EE /* LaunchSmsTests.xctest */,
				F8E111E11B98A9380022B8EE /* LaunchSmsUITests.xctest */,
			);
			name = Products;
			sourceTree = "<group>";
		};
		F8E111C41B98A9380022B8EE /* LaunchSms */ = {
			isa = PBXGroup;
			children = (
				F8E111C51B98A9380022B8EE /* AppDelegate.swift */,
				F8E111C71B98A9380022B8EE /* ViewController.swift */,
				F8E111C91B98A9380022B8EE /* Main.storyboard */,
				F8E111FB1B98AF4E0022B8EE /* ViewMonitor.swift */,
				F8E111CC1B98A9380022B8EE /* Assets.xcassets */,
				F8E111CE1B98A9380022B8EE /* LaunchScreen.storyboard */,
				F8E111D11B98A9380022B8EE /* Info.plist */,
			);
			path = LaunchSms;
			sourceTree = "<group>";
		};
		F8E111D91B98A9380022B8EE /* LaunchSmsTests */ = {
			isa = PBXGroup;
			children = (
				F8E111DA1B98A9380022B8EE /* LaunchSmsTests.swift */,
				F8E111DC1B98A9380022B8EE /* Info.plist */,
			);
			path = LaunchSmsTests;
			sourceTree = "<group>";
		};
		F8E111E41B98A9380022B8EE /* LaunchSmsUITests */ = {
			isa = PBXGroup;
			children = (
				F8E111E51B98A9380022B8EE /* LaunchSmsUITests.swift */,
				F8E111E71B98A9380022B8EE /* Info.plist */,
			);
			path = LaunchSmsUITests;
			sourceTree = "<group>";
		};
/* End PBXGroup section */

/* Begin PBXNativeTarget section */
		F8E111C11B98A9380022B8EE /* LaunchSms */ = {
			isa = PBXNativeTarget;
			buildConfigurationList = F8E111EA1B98A9380022B8EE /* Build configuration list for PBXNativeTarget "LaunchSms" */;
			buildPhases = (
				F8E111BE1B98A9380022B8EE /* Sources */,
				F8E111BF1B98A9380022B8EE /* Frameworks */,
				F8E111C01B98A9380022B8EE /* Resources */,
			);
			buildRules = (
			);
			dependencies = (
			);
			name = LaunchSms;
			productName = LaunchSms;
			productReference = F8E111C21B98A9380022B8EE /* LaunchSms.app */;
			productType = "com.apple.product-type.application";
		};
		F8E111D51B98A9380022B8EE /* LaunchSmsTests */ = {
			isa = PBXNativeTarget;
			buildConfigurationList = F8E111ED1B98A9380022B8EE /* Build configuration list for PBXNativeTarget "LaunchSmsTests" */;
			buildPhases = (
				F8E111D21B98A9380022B8EE /* Sources */,
				F8E111D31B98A9380022B8EE /* Frameworks */,
				F8E111D41B98A9380022B8EE /* Resources */,
			);
			buildRules = (
			);
			dependencies = (
				F8E111D81B98A9380022B8EE /* PBXTargetDependency */,
			);
			name = LaunchSmsTests;
			productName = LaunchSmsTests;
			productReference = F8E111D61B98A9380022B8EE /* LaunchSmsTests.xctest */;
			productType = "com.apple.product-type.bundle.unit-test";
		};
		F8E111E01B98A9380022B8EE /* LaunchSmsUITests */ = {
			isa = PBXNativeTarget;
			buildConfigurationList = F8E111F01B98A9380022B8EE /* Build configuration list for PBXNativeTarget "LaunchSmsUITests" */;
			buildPhases = (
				F8E111DD1B98A9380022B8EE /* Sources */,
				F8E111DE1B98A9380022B8EE /* Frameworks */,
				F8E111DF1B98A9380022B8EE /* Resources */,
			);
			buildRules = (
			);
			dependencies = (
				F8E111E31B98A9380022B8EE /* PBXTargetDependency */,
			);
			name = LaunchSmsUITests;
			productName = LaunchSmsUITests;
			productReference = F8E111E11B98A9380022B8EE /* LaunchSmsUITests.xctest */;
			productType = "com.apple.product-type.bundle.ui-testing";
		};
/* End PBXNativeTarget section */

/* Begin PBXProject section */
		F8E111BA1B98A9380022B8EE /* Project object */ = {
			isa = PBXProject;
			attributes = {
				LastUpgradeCheck = 0700;
				ORGANIZATIONNAME = ConstruApps;
				TargetAttributes = {
					F8E111C11B98A9380022B8EE = {
						CreatedOnToolsVersion = 7.0;
					};
					F8E111D51B98A9380022B8EE = {
						CreatedOnToolsVersion = 7.0;
						TestTargetID = F8E111C11B98A9380022B8EE;
					};
					F8E111E01B98A9380022B8EE = {
						CreatedOnToolsVersion = 7.0;
						TestTargetID = F8E111C11B98A9380022B8EE;
					};
				};
			};
			buildConfigurationList = F8E111BD1B98A9380022B8EE /* Build configuration list for PBXProject "LaunchSms" */;
			compatibilityVersion = "Xcode 3.2";
			developmentRegion = English;
			hasScannedForEncodings = 0;
			knownRegions = (
				en,
				Base,
			);
			mainGroup = F8E111B91B98A9380022B8EE;
			productRefGroup = F8E111C31B98A9380022B8EE /* Products */;
			projectDirPath = "";
			projectRoot = "";
			targets = (
				F8E111C11B98A9380022B8EE /* LaunchSms */,
				F8E111D51B98A9380022B8EE /* LaunchSmsTests */,
				F8E111E01B98A9380022B8EE /* LaunchSmsUITests */,
			);
		};
/* End PBXProject section */

/* Begin PBXResourcesBuildPhase section */
		F8E111C01B98A9380022B8EE /* Resources */ = {
			isa = PBXResourcesBuildPhase;
			buildActionMask = 2147483647;
			files = (
				F8E111D01B98A9380022B8EE /* LaunchScreen.storyboard in Resources */,
				F8E111CD1B98A9380022B8EE /* Assets.xcassets in Resources */,
				F8E111CB1B98A9380022B8EE /* Main.storyboard in Resources */,
			);
			runOnlyForDeploymentPostprocessing = 0;
		};
		F8E111D41B98A9380022B8EE /* Resources */ = {
			isa = PBXResourcesBuildPhase;
			buildActionMask = 2147483647;
			files = (
			);
			runOnlyForDeploymentPostprocessing = 0;
		};
		F8E111DF1B98A9380022B8EE /* Resources */ = {
			isa = PBXResourcesBuildPhase;
			buildActionMask = 2147483647;
			files = (
			);
			runOnlyForDeploymentPostprocessing = 0;
		};
/* End PBXResourcesBuildPhase section */

/* Begin PBXSourcesBuildPhase section */
		F8E111BE1B98A9380022B8EE /* Sources */ = {
			isa = PBXSourcesBuildPhase;
			buildActionMask = 2147483647;
			files = (
				F8E111C81B98A9380022B8EE /* ViewController.swift in Sources */,
				F8E111C61B98A9380022B8EE /* AppDelegate.swift in Sources */,
				F8E111FC1B98AF4E0022B8EE /* ViewMonitor.swift in Sources */,
			);
			runOnlyForDeploymentPostprocessing = 0;
		};
		F8E111D21B98A9380022B8EE /* Sources */ = {
			isa = PBXSourcesBuildPhase;
			buildActionMask = 2147483647;
			files = (
				F8E111DB1B98A9380022B8EE /* LaunchSmsTests.swift in Sources */,
			);
			runOnlyForDeploymentPostprocessing = 0;
		};
		F8E111DD1B98A9380022B8EE /* Sources */ = {
			isa = PBXSourcesBuildPhase;
			buildActionMask = 2147483647;
			files = (
				F8E111E61B98A9380022B8EE /* LaunchSmsUITests.swift in Sources */,
			);
			runOnlyForDeploymentPostprocessing = 0;
		};
/* End PBXSourcesBuildPhase section */

/* Begin PBXTargetDependency section */
		F8E111D81B98A9380022B8EE /* PBXTargetDependency */ = {
			isa = PBXTargetDependency;
			target = F8E111C11B98A9380022B8EE /* LaunchSms */;
			targetProxy = F8E111D71B98A9380022B8EE /* PBXContainerItemProxy */;
		};
		F8E111E31B98A9380022B8EE /* PBXTargetDependency */ = {
			isa = PBXTargetDependency;
			target = F8E111C11B98A9380022B8EE /* LaunchSms */;
			targetProxy = F8E111E21B98A9380022B8EE /* PBXContainerItemProxy */;
		};
/* End PBXTargetDependency section */

/* Begin PBXVariantGroup section */
		F8E111C91B98A9380022B8EE /* Main.storyboard */ = {
			isa = PBXVariantGroup;
			children = (
				F8E111CA1B98A9380022B8EE /* Base */,
			);
			name = Main.storyboard;
			sourceTree = "<group>";
		};
		F8E111CE1B98A9380022B8EE /* LaunchScreen.storyboard */ = {
			isa = PBXVariantGroup;
			children = (
				F8E111CF1B98A9380022B8EE /* Base */,
			);
			name = LaunchScreen.storyboard;
			sourceTree = "<group>";
		};
/* End PBXVariantGroup section */

/* Begin XCBuildConfiguration section */
		F8E111E81B98A9380022B8EE /* Debug */ = {
			isa = XCBuildConfiguration;
			buildSettings = {
				ALWAYS_SEARCH_USER_PATHS = NO;
				CLANG_CXX_LANGUAGE_STANDARD = "gnu++0x";
				CLANG_CXX_LIBRARY = "libc++";
				CLANG_ENABLE_MODULES = YES;
				CLANG_ENABLE_OBJC_ARC = YES;
				CLANG_WARN_BOOL_CONVERSION = YES;
				CLANG_WARN_CONSTANT_CONVERSION = YES;
				CLANG_WARN_DIRECT_OBJC_ISA_USAGE = YES_ERROR;
				CLANG_WARN_EMPTY_BODY = YES;
				CLANG_WARN_ENUM_CONVERSION = YES;
				CLANG_WARN_INT_CONVERSION = YES;
				CLANG_WARN_OBJC_ROOT_CLASS = YES_ERROR;
				CLANG_WARN_UNREACHABLE_CODE = YES;
				CLANG_WARN__DUPLICATE_METHOD_MATCH = YES;
				"CODE_SIGN_IDENTITY[sdk=iphoneos*]" = "iPhone Developer";
				COPY_PHASE_STRIP = NO;
				DEBUG_INFORMATION_FORMAT = dwarf;
				ENABLE_STRICT_OBJC_MSGSEND = YES;
				ENABLE_TESTABILITY = YES;
				GCC_C_LANGUAGE_STANDARD = gnu99;
				GCC_DYNAMIC_NO_PIC = NO;
				GCC_NO_COMMON_BLOCKS = YES;
				GCC_OPTIMIZATION_LEVEL = 0;
				GCC_PREPROCESSOR_DEFINITIONS = (
					"DEBUG=1",
					"$(inherited)",
				);
				GCC_WARN_64_TO_32_BIT_CONVERSION = YES;
				GCC_WARN_ABOUT_RETURN_TYPE = YES_ERROR;
				GCC_WARN_UNDECLARED_SELECTOR = YES;
				GCC_WARN_UNINITIALIZED_AUTOS = YES_AGGRESSIVE;
				GCC_WARN_UNUSED_FUNCTION = YES;
				GCC_WARN_UNUSED_VARIABLE = YES;
				IPHONEOS_DEPLOYMENT_TARGET = 9.0;
				MTL_ENABLE_DEBUG_INFO = YES;
				ONLY_ACTIVE_ARCH = YES;
				SDKROOT = iphoneos;
				SWIFT_OPTIMIZATION_LEVEL = "-Onone";
				TARGETED_DEVICE_FAMILY = "1,2";
			};
			name = Debug;
		};
		F8E111E91B98A9380022B8EE /* Release */ = {
			isa = XCBuildConfiguration;
			buildSettings = {
				ALWAYS_SEARCH_USER_PATHS = NO;
				CLANG_CXX_LANGUAGE_STANDARD = "gnu++0x";
				CLANG_CXX_LIBRARY = "libc++";
				CLANG_ENABLE_MODULES = YES;
				CLANG_ENABLE_OBJC_ARC = YES;
				CLANG_WARN_BOOL_CONVERSION = YES;
				CLANG_WARN_CONSTANT_CONVERSION = YES;
				CLANG_WARN_DIRECT_OBJC_ISA_USAGE = YES_ERROR;
				CLANG_WARN_EMPTY_BODY = YES;
				CLANG_WARN_ENUM_CONVERSION = YES;
				CLANG_WARN_INT_CONVERSION = YES;
				CLANG_WARN_OBJC_ROOT_CLASS = YES_ERROR;
				CLANG_WARN_UNREACHABLE_CODE = YES;
				CLANG_WARN__DUPLICATE_METHOD_MATCH = YES;
				"CODE_SIGN_IDENTITY[sdk=iphoneos*]" = "iPhone Developer";
				COPY_PHASE_STRIP = NO;
				DEBUG_INFORMATION_FORMAT = "dwarf-with-dsym";
				ENABLE_NS_ASSERTIONS = NO;
				ENABLE_STRICT_OBJC_MSGSEND = YES;
				GCC_C_LANGUAGE_STANDARD = gnu99;
				GCC_NO_COMMON_BLOCKS = YES;
				GCC_WARN_64_TO_32_BIT_CONVERSION = YES;
				GCC_WARN_ABOUT_RETURN_TYPE = YES_ERROR;
				GCC_WARN_UNDECLARED_SELECTOR = YES;
				GCC_WARN_UNINITIALIZED_AUTOS = YES_AGGRESSIVE;
				GCC_WARN_UNUSED_FUNCTION = YES;
				GCC_WARN_UNUSED_VARIABLE = YES;
				IPHONEOS_DEPLOYMENT_TARGET = 9.0;
				MTL_ENABLE_DEBUG_INFO = NO;
				SDKROOT = iphoneos;
				TARGETED_DEVICE_FAMILY = "1,2";
				VALIDATE_PRODUCT = YES;
			};
			name = Release;
		};
		F8E111EB1B98A9380022B8EE /* Debug */ = {
			isa = XCBuildConfiguration;
			buildSettings = {
				ASSETCATALOG_COMPILER_APPICON_NAME = AppIcon;
				INFOPLIST_FILE = LaunchSms/Info.plist;
				IPHONEOS_DEPLOYMENT_TARGET = 8.4;
				LD_RUNPATH_SEARCH_PATHS = "$(inherited) @executable_path/Frameworks";
				PRODUCT_BUNDLE_IDENTIFIER = construapps.LaunchSms;
				PRODUCT_NAME = "$(TARGET_NAME)";
			};
			name = Debug;
		};
		F8E111EC1B98A9380022B8EE /* Release */ = {
			isa = XCBuildConfiguration;
			buildSettings = {
				ASSETCATALOG_COMPILER_APPICON_NAME = AppIcon;
				INFOPLIST_FILE = LaunchSms/Info.plist;
				IPHONEOS_DEPLOYMENT_TARGET = 8.4;
				LD_RUNPATH_SEARCH_PATHS = "$(inherited) @executable_path/Frameworks";
				PRODUCT_BUNDLE_IDENTIFIER = construapps.LaunchSms;
				PRODUCT_NAME = "$(TARGET_NAME)";
			};
			name = Release;
		};
		F8E111EE1B98A9380022B8EE /* Debug */ = {
			isa = XCBuildConfiguration;
			buildSettings = {
				BUNDLE_LOADER = "$(TEST_HOST)";
				INFOPLIST_FILE = LaunchSmsTests/Info.plist;
				LD_RUNPATH_SEARCH_PATHS = "$(inherited) @executable_path/Frameworks @loader_path/Frameworks";
				PRODUCT_BUNDLE_IDENTIFIER = construapps.LaunchSmsTests;
				PRODUCT_NAME = "$(TARGET_NAME)";
				TEST_HOST = "$(BUILT_PRODUCTS_DIR)/LaunchSms.app/LaunchSms";
			};
			name = Debug;
		};
		F8E111EF1B98A9380022B8EE /* Release */ = {
			isa = XCBuildConfiguration;
			buildSettings = {
				BUNDLE_LOADER = "$(TEST_HOST)";
				INFOPLIST_FILE = LaunchSmsTests/Info.plist;
				LD_RUNPATH_SEARCH_PATHS = "$(inherited) @executable_path/Frameworks @loader_path/Frameworks";
				PRODUCT_BUNDLE_IDENTIFIER = construapps.LaunchSmsTests;
				PRODUCT_NAME = "$(TARGET_NAME)";
				TEST_HOST = "$(BUILT_PRODUCTS_DIR)/LaunchSms.app/LaunchSms";
			};
			name = Release;
		};
		F8E111F11B98A9380022B8EE /* Debug */ = {
			isa = XCBuildConfiguration;
			buildSettings = {
				INFOPLIST_FILE = LaunchSmsUITests/Info.plist;
				LD_RUNPATH_SEARCH_PATHS = "$(inherited) @executable_path/Frameworks @loader_path/Frameworks";
				PRODUCT_BUNDLE_IDENTIFIER = construapps.LaunchSmsUITests;
				PRODUCT_NAME = "$(TARGET_NAME)";
				TEST_TARGET_NAME = LaunchSms;
				USES_XCTRUNNER = YES;
			};
			name = Debug;
		};
		F8E111F21B98A9380022B8EE /* Release */ = {
			isa = XCBuildConfiguration;
			buildSettings = {
				INFOPLIST_FILE = LaunchSmsUITests/Info.plist;
				LD_RUNPATH_SEARCH_PATHS = "$(inherited) @executable_path/Frameworks @loader_path/Frameworks";
				PRODUCT_BUNDLE_IDENTIFIER = construapps.LaunchSmsUITests;
				PRODUCT_NAME = "$(TARGET_NAME)";
				TEST_TARGET_NAME = LaunchSms;
				USES_XCTRUNNER = YES;
			};
			name = Release;
		};
/* End XCBuildConfiguration section */

/* Begin XCConfigurationList section */
		F8E111BD1B98A9380022B8EE /* Build configuration list for PBXProject "LaunchSms" */ = {
			isa = XCConfigurationList;
			buildConfigurations = (
				F8E111E81B98A9380022B8EE /* Debug */,
				F8E111E91B98A9380022B8EE /* Release */,
			);
			defaultConfigurationIsVisible = 0;
			defaultConfigurationName = Release;
		};
		F8E111EA1B98A9380022B8EE /* Build configuration list for PBXNativeTarget "LaunchSms" */ = {
			isa = XCConfigurationList;
			buildConfigurations = (
				F8E111EB1B98A9380022B8EE /* Debug */,
				F8E111EC1B98A9380022B8EE /* Release */,
			);
			defaultConfigurationIsVisible = 0;
		};
		F8E111ED1B98A9380022B8EE /* Build configuration list for PBXNativeTarget "LaunchSmsTests" */ = {
			isa = XCConfigurationList;
			buildConfigurations = (
				F8E111EE1B98A9380022B8EE /* Debug */,
				F8E111EF1B98A9380022B8EE /* Release */,
			);
			defaultConfigurationIsVisible = 0;
		};
		F8E111F01B98A9380022B8EE /* Build configuration list for PBXNativeTarget "LaunchSmsUITests" */ = {
			isa = XCConfigurationList;
			buildConfigurations = (
				F8E111F11B98A9380022B8EE /* Debug */,
				F8E111F21B98A9380022B8EE /* Release */,
			);
			defaultConfigurationIsVisible = 0;
		};
/* End XCConfigurationList section */
	};
	rootObject = F8E111BA1B98A9380022B8EE /* Project object */;
}
